
Microsoft Visual Studio Solution File, Format Version 12.00
# Visual Studio Version 16
VisualStudioVersion = 16.0.28922.388
MinimumVisualStudioVersion = 10.0.40219.1
Project("{9A19103F-16F7-4668-BE54-9A1E7A4F7556}") = "GranDen.Orleans.Client.CommonLib", "src\GranDen.Orleans.Client.CommonLib\GranDen.Orleans.Client.CommonLib.csproj", "{1AA05AD3-4CFE-4381-8F2B-6DC5A0D0C787}"
EndProject
Project("{2150E333-8FDC-42A3-9474-1A3956D46DE8}") = "Solution Items", "Solution Items", "{164EAB49-BC37-422D-9818-1304DB3755F0}"
	ProjectSection(SolutionItems) = preProject
		.editorconfig = .editorconfig
	EndProjectSection
EndProject
Project("{2150E333-8FDC-42A3-9474-1A3956D46DE8}") = "example", "example", "{E7280482-A872-4B2F-B672-F16D35C78AB8}"
EndProject
Project("{9A19103F-16F7-4668-BE54-9A1E7A4F7556}") = "LocalConsoleSiloHost", "example\localhost\LocalConsoleSiloHost\LocalConsoleSiloHost.csproj", "{04E34B84-F969-41D3-A7C8-65C5D30927D9}"
EndProject
Project("{9A19103F-16F7-4668-BE54-9A1E7A4F7556}") = "HelloWorld.Grains", "example\HelloWorld.Grains\HelloWorld.Grains.csproj", "{6D211B98-0C33-4854-86EB-D81DC5B93E58}"
EndProject
Project("{9A19103F-16F7-4668-BE54-9A1E7A4F7556}") = "HelloWorld.ShareInterface", "example\HelloWorld.ShareInterface\HelloWorld.ShareInterface.csproj", "{EC3ED621-6220-4E1E-95D0-569BCCCF959A}"
EndProject
Project("{9A19103F-16F7-4668-BE54-9A1E7A4F7556}") = "LocalhostDemoClient", "example\localhost\LocalhostDemoClient\LocalhostDemoClient.csproj", "{F667FD5D-7C19-430C-BA7B-9CE7F415DDAB}"
EndProject
Project("{2150E333-8FDC-42A3-9474-1A3956D46DE8}") = "localhost", "localhost", "{DD0C8922-5C93-4397-B6E1-5D45CBBF005D}"
EndProject
Project("{2150E333-8FDC-42A3-9474-1A3956D46DE8}") = "static_route", "static_route", "{4ABC547E-4561-460A-8DCF-0370A53BA0AE}"
EndProject
Project("{9A19103F-16F7-4668-BE54-9A1E7A4F7556}") = "StaticRouteClient", "example\static_route\StaticRouteClient\StaticRouteClient.csproj", "{790AF2B4-3625-4D7F-9246-7EB0AB57CC61}"
EndProject
Project("{9A19103F-16F7-4668-BE54-9A1E7A4F7556}") = "StaticRouteSiloHost", "example\static_route\StaticRouteSiloHost\StaticRouteSiloHost.csproj", "{D2A6B597-CA02-4641-A3A0-988C4ACD35C2}"
EndProject
Project("{2150E333-8FDC-42A3-9474-1A3956D46DE8}") = "sqldb", "sqldb", "{0BE6A62C-21F1-4BFB-BB44-199DCD630293}"
EndProject
Project("{9A19103F-16F7-4668-BE54-9A1E7A4F7556}") = "SqlConsoleClient", "example\sqldb\SqlConsoleClient\SqlConsoleClient.csproj", "{52F619E9-C898-402C-A368-4214FD9F0B22}"
EndProject
Project("{9A19103F-16F7-4668-BE54-9A1E7A4F7556}") = "SqlSiloHost", "example\sqldb\SqlSiloHost\SqlSiloHost.csproj", "{F6E0EC78-A8A9-42D4-9172-D8BBB5423A0C}"
EndProject
Project("{2150E333-8FDC-42A3-9474-1A3956D46DE8}") = "mysql", "mysql", "{F8E39614-BA31-40AF-8880-4113A4505C1D}"
EndProject
Project("{FAE04EC0-301F-11D3-BF4B-00C04F79EFBC}") = "MySqlConsoleClient", "example\mysql\MySqlConsoleClient\MySqlConsoleClient.csproj", "{721906BF-2685-43AD-B8BA-929344D026E0}"
EndProject
Project("{FAE04EC0-301F-11D3-BF4B-00C04F79EFBC}") = "MySqlSiloHost", "example\mysql\MySqlSiloHost\MySqlSiloHost.csproj", "{8C7F7B4A-4AAC-45BE-A5F2-E8920022A0AD}"
EndProject
Global
	GlobalSection(SolutionConfigurationPlatforms) = preSolution
		Debug|Any CPU = Debug|Any CPU
		Release|Any CPU = Release|Any CPU
	EndGlobalSection
	GlobalSection(ProjectConfigurationPlatforms) = postSolution
		{1AA05AD3-4CFE-4381-8F2B-6DC5A0D0C787}.Debug|Any CPU.ActiveCfg = Debug|Any CPU
		{1AA05AD3-4CFE-4381-8F2B-6DC5A0D0C787}.Debug|Any CPU.Build.0 = Debug|Any CPU
		{1AA05AD3-4CFE-4381-8F2B-6DC5A0D0C787}.Release|Any CPU.ActiveCfg = Release|Any CPU
		{1AA05AD3-4CFE-4381-8F2B-6DC5A0D0C787}.Release|Any CPU.Build.0 = Release|Any CPU
		{04E34B84-F969-41D3-A7C8-65C5D30927D9}.Debug|Any CPU.ActiveCfg = Debug|Any CPU
		{04E34B84-F969-41D3-A7C8-65C5D30927D9}.Debug|Any CPU.Build.0 = Debug|Any CPU
		{04E34B84-F969-41D3-A7C8-65C5D30927D9}.Release|Any CPU.ActiveCfg = Release|Any CPU
		{04E34B84-F969-41D3-A7C8-65C5D30927D9}.Release|Any CPU.Build.0 = Release|Any CPU
		{6D211B98-0C33-4854-86EB-D81DC5B93E58}.Debug|Any CPU.ActiveCfg = Debug|Any CPU
		{6D211B98-0C33-4854-86EB-D81DC5B93E58}.Debug|Any CPU.Build.0 = Debug|Any CPU
		{6D211B98-0C33-4854-86EB-D81DC5B93E58}.Release|Any CPU.ActiveCfg = Release|Any CPU
		{6D211B98-0C33-4854-86EB-D81DC5B93E58}.Release|Any CPU.Build.0 = Release|Any CPU
		{EC3ED621-6220-4E1E-95D0-569BCCCF959A}.Debug|Any CPU.ActiveCfg = Debug|Any CPU
		{EC3ED621-6220-4E1E-95D0-569BCCCF959A}.Debug|Any CPU.Build.0 = Debug|Any CPU
		{EC3ED621-6220-4E1E-95D0-569BCCCF959A}.Release|Any CPU.ActiveCfg = Release|Any CPU
		{EC3ED621-6220-4E1E-95D0-569BCCCF959A}.Release|Any CPU.Build.0 = Release|Any CPU
		{F667FD5D-7C19-430C-BA7B-9CE7F415DDAB}.Debug|Any CPU.ActiveCfg = Debug|Any CPU
		{F667FD5D-7C19-430C-BA7B-9CE7F415DDAB}.Debug|Any CPU.Build.0 = Debug|Any CPU
		{F667FD5D-7C19-430C-BA7B-9CE7F415DDAB}.Release|Any CPU.ActiveCfg = Release|Any CPU
		{F667FD5D-7C19-430C-BA7B-9CE7F415DDAB}.Release|Any CPU.Build.0 = Release|Any CPU
		{790AF2B4-3625-4D7F-9246-7EB0AB57CC61}.Debug|Any CPU.ActiveCfg = Debug|Any CPU
		{790AF2B4-3625-4D7F-9246-7EB0AB57CC61}.Debug|Any CPU.Build.0 = Debug|Any CPU
		{790AF2B4-3625-4D7F-9246-7EB0AB57CC61}.Release|Any CPU.ActiveCfg = Release|Any CPU
		{790AF2B4-3625-4D7F-9246-7EB0AB57CC61}.Release|Any CPU.Build.0 = Release|Any CPU
		{D2A6B597-CA02-4641-A3A0-988C4ACD35C2}.Debug|Any CPU.ActiveCfg = Debug|Any CPU
		{D2A6B597-CA02-4641-A3A0-988C4ACD35C2}.Debug|Any CPU.Build.0 = Debug|Any CPU
		{D2A6B597-CA02-4641-A3A0-988C4ACD35C2}.Release|Any CPU.ActiveCfg = Release|Any CPU
		{D2A6B597-CA02-4641-A3A0-988C4ACD35C2}.Release|Any CPU.Build.0 = Release|Any CPU
		{52F619E9-C898-402C-A368-4214FD9F0B22}.Debug|Any CPU.ActiveCfg = Debug|Any CPU
		{52F619E9-C898-402C-A368-4214FD9F0B22}.Debug|Any CPU.Build.0 = Debug|Any CPU
		{52F619E9-C898-402C-A368-4214FD9F0B22}.Release|Any CPU.ActiveCfg = Release|Any CPU
		{52F619E9-C898-402C-A368-4214FD9F0B22}.Release|Any CPU.Build.0 = Release|Any CPU
		{F6E0EC78-A8A9-42D4-9172-D8BBB5423A0C}.Debug|Any CPU.ActiveCfg = Debug|Any CPU
		{F6E0EC78-A8A9-42D4-9172-D8BBB5423A0C}.Debug|Any CPU.Build.0 = Debug|Any CPU
		{F6E0EC78-A8A9-42D4-9172-D8BBB5423A0C}.Release|Any CPU.ActiveCfg = Release|Any CPU
		{F6E0EC78-A8A9-42D4-9172-D8BBB5423A0C}.Release|Any CPU.Build.0 = Release|Any CPU
		{721906BF-2685-43AD-B8BA-929344D026E0}.Debug|Any CPU.ActiveCfg = Debug|Any CPU
		{721906BF-2685-43AD-B8BA-929344D026E0}.Debug|Any CPU.Build.0 = Debug|Any CPU
		{721906BF-2685-43AD-B8BA-929344D026E0}.Release|Any CPU.ActiveCfg = Release|Any CPU
		{721906BF-2685-43AD-B8BA-929344D026E0}.Release|Any CPU.Build.0 = Release|Any CPU
		{8C7F7B4A-4AAC-45BE-A5F2-E8920022A0AD}.Debug|Any CPU.ActiveCfg = Debug|Any CPU
		{8C7F7B4A-4AAC-45BE-A5F2-E8920022A0AD}.Debug|Any CPU.Build.0 = Debug|Any CPU
		{8C7F7B4A-4AAC-45BE-A5F2-E8920022A0AD}.Release|Any CPU.ActiveCfg = Release|Any CPU
		{8C7F7B4A-4AAC-45BE-A5F2-E8920022A0AD}.Release|Any CPU.Build.0 = Release|Any CPU
	EndGlobalSection
	GlobalSection(SolutionProperties) = preSolution
		HideSolutionNode = FALSE
	EndGlobalSection
	GlobalSection(NestedProjects) = preSolution
		{04E34B84-F969-41D3-A7C8-65C5D30927D9} = {DD0C8922-5C93-4397-B6E1-5D45CBBF005D}
		{6D211B98-0C33-4854-86EB-D81DC5B93E58} = {E7280482-A872-4B2F-B672-F16D35C78AB8}
		{EC3ED621-6220-4E1E-95D0-569BCCCF959A} = {E7280482-A872-4B2F-B672-F16D35C78AB8}
		{F667FD5D-7C19-430C-BA7B-9CE7F415DDAB} = {DD0C8922-5C93-4397-B6E1-5D45CBBF005D}
		{DD0C8922-5C93-4397-B6E1-5D45CBBF005D} = {E7280482-A872-4B2F-B672-F16D35C78AB8}
		{4ABC547E-4561-460A-8DCF-0370A53BA0AE} = {E7280482-A872-4B2F-B672-F16D35C78AB8}
		{790AF2B4-3625-4D7F-9246-7EB0AB57CC61} = {4ABC547E-4561-460A-8DCF-0370A53BA0AE}
		{D2A6B597-CA02-4641-A3A0-988C4ACD35C2} = {4ABC547E-4561-460A-8DCF-0370A53BA0AE}
		{0BE6A62C-21F1-4BFB-BB44-199DCD630293} = {E7280482-A872-4B2F-B672-F16D35C78AB8}
		{52F619E9-C898-402C-A368-4214FD9F0B22} = {0BE6A62C-21F1-4BFB-BB44-199DCD630293}
		{F6E0EC78-A8A9-42D4-9172-D8BBB5423A0C} = {0BE6A62C-21F1-4BFB-BB44-199DCD630293}
		{F8E39614-BA31-40AF-8880-4113A4505C1D} = {E7280482-A872-4B2F-B672-F16D35C78AB8}
		{721906BF-2685-43AD-B8BA-929344D026E0} = {F8E39614-BA31-40AF-8880-4113A4505C1D}
		{8C7F7B4A-4AAC-45BE-A5F2-E8920022A0AD} = {F8E39614-BA31-40AF-8880-4113A4505C1D}
	EndGlobalSection
	GlobalSection(ExtensibilityGlobals) = postSolution
		SolutionGuid = {B5DA4A91-53DE-4C05-AFD5-FF204D19313B}
	EndGlobalSection
EndGlobal
