
Microsoft Visual Studio Solution File, Format Version 12.00
# Visual Studio Version 16
VisualStudioVersion = 16.0.28922.388
MinimumVisualStudioVersion = 10.0.40219.1
Project("{9A19103F-16F7-4668-BE54-9A1E7A4F7556}") = "GranDen.Orleans.Client.CommonLib", "src\GranDen.Orleans.Client.CommonLib\GranDen.Orleans.Client.CommonLib.csproj", "{1AA05AD3-4CFE-4381-8F2B-6DC5A0D0C787}"
EndProject
Project("{2150E333-8FDC-42A3-9474-1A3956D46DE8}") = "Solution Items", "Solution Items", "{164EAB49-BC37-422D-9818-1304DB3755F0}"
	ProjectSection(SolutionItems) = preProject
		.editorconfig = .editorconfig
	EndProjectSection
EndProject
Project("{2150E333-8FDC-42A3-9474-1A3956D46DE8}") = "example", "example", "{E7280482-A872-4B2F-B672-F16D35C78AB8}"
EndProject
Project("{9A19103F-16F7-4668-BE54-9A1E7A4F7556}") = "LocalConsoleSiloHost", "example\localhost\LocalConsoleSiloHost\LocalConsoleSiloHost.csproj", "{04E34B84-F969-41D3-A7C8-65C5D30927D9}"
EndProject
Project("{9A19103F-16F7-4668-BE54-9A1E7A4F7556}") = "LocalhostDemoClient", "example\localhost\LocalhostDemoClient\LocalhostDemoClient.csproj", "{F667FD5D-7C19-430C-BA7B-9CE7F415DDAB}"
EndProject
Project("{2150E333-8FDC-42A3-9474-1A3956D46DE8}") = "localhost", "localhost", "{DD0C8922-5C93-4397-B6E1-5D45CBBF005D}"
EndProject
Project("{2150E333-8FDC-42A3-9474-1A3956D46DE8}") = "static_route", "static_route", "{4ABC547E-4561-460A-8DCF-0370A53BA0AE}"
EndProject
Project("{9A19103F-16F7-4668-BE54-9A1E7A4F7556}") = "StaticRouteClient", "example\static_route\StaticRouteClient\StaticRouteClient.csproj", "{790AF2B4-3625-4D7F-9246-7EB0AB57CC61}"
EndProject
Project("{9A19103F-16F7-4668-BE54-9A1E7A4F7556}") = "StaticRouteSiloHost", "example\static_route\StaticRouteSiloHost\StaticRouteSiloHost.csproj", "{D2A6B597-CA02-4641-A3A0-988C4ACD35C2}"
EndProject
Project("{2150E333-8FDC-42A3-9474-1A3956D46DE8}") = "sqldb", "sqldb", "{0BE6A62C-21F1-4BFB-BB44-199DCD630293}"
EndProject
Project("{9A19103F-16F7-4668-BE54-9A1E7A4F7556}") = "SqlConsoleClient", "example\sqldb\SqlConsoleClient\SqlConsoleClient.csproj", "{52F619E9-C898-402C-A368-4214FD9F0B22}"
EndProject
Project("{9A19103F-16F7-4668-BE54-9A1E7A4F7556}") = "SqlSiloHost", "example\sqldb\SqlSiloHost\SqlSiloHost.csproj", "{F6E0EC78-A8A9-42D4-9172-D8BBB5423A0C}"
EndProject
Project("{2150E333-8FDC-42A3-9474-1A3956D46DE8}") = "mysql", "mysql", "{F8E39614-BA31-40AF-8880-4113A4505C1D}"
EndProject
Project("{9A19103F-16F7-4668-BE54-9A1E7A4F7556}") = "MySqlConsoleClient", "example\mysql\MySqlConsoleClient\MySqlConsoleClient.csproj", "{721906BF-2685-43AD-B8BA-929344D026E0}"
EndProject
Project("{9A19103F-16F7-4668-BE54-9A1E7A4F7556}") = "MySqlSiloHost", "example\mysql\MySqlSiloHost\MySqlSiloHost.csproj", "{8C7F7B4A-4AAC-45BE-A5F2-E8920022A0AD}"
EndProject
Project("{2150E333-8FDC-42A3-9474-1A3956D46DE8}") = "grains", "grains", "{CC2F4F0A-A493-4BE6-8F4B-AB4EEC5CCE41}"
EndProject
Project("{2150E333-8FDC-42A3-9474-1A3956D46DE8}") = "grains_interface", "grains_interface", "{8A68445A-BDB9-45C2-A3A0-14D51DC3CD2F}"
EndProject
Project("{2150E333-8FDC-42A3-9474-1A3956D46DE8}") = "mongodb", "mongodb", "{97459E27-7717-4376-AF63-8501267A3137}"
EndProject
Project("{9A19103F-16F7-4668-BE54-9A1E7A4F7556}") = "MongoDbConsoleClient", "example\mongodb\MongoDbConsoleClient\MongoDbConsoleClient.csproj", "{BFFB431F-D9E5-4575-96FD-39D7197CA333}"
EndProject
Project("{9A19103F-16F7-4668-BE54-9A1E7A4F7556}") = "MongoDbSiloHost", "example\mongodb\MongoDbSiloHost\MongoDbSiloHost.csproj", "{6EF867FB-03CA-4F9B-BB68-41636D8C1AC3}"
EndProject
Project("{2150E333-8FDC-42A3-9474-1A3956D46DE8}") = "netstandard2", "netstandard2", "{7639F9B6-0A1C-4DF4-B68E-F99CC74DEB96}"
EndProject
Project("{2150E333-8FDC-42A3-9474-1A3956D46DE8}") = "netstandard2_1", "netstandard2_1", "{3BABE5DC-45D0-4A2C-95C1-B028B36433D0}"
EndProject
Project("{9A19103F-16F7-4668-BE54-9A1E7A4F7556}") = "HelloNetCore2.ShareInterface", "example\grains_interface\netcore2\HelloNetCore2.ShareInterface\HelloNetCore2.ShareInterface.csproj", "{9BABAEF1-9AD0-46C8-AFAC-81036A46ABC4}"
EndProject
Project("{2150E333-8FDC-42A3-9474-1A3956D46DE8}") = "netcore2", "netcore2", "{D0D11181-9F22-4CB6-B1B6-DFCC9501FC39}"
EndProject
Project("{2150E333-8FDC-42A3-9474-1A3956D46DE8}") = "NetCore3", "NetCore3", "{923B4DC2-D3B8-41B4-90FF-8A76852DD045}"
EndProject
Project("{2150E333-8FDC-42A3-9474-1A3956D46DE8}") = "NetCore2", "NetCore2", "{29E75CA9-A3D7-4B89-984A-B608CED7252A}"
EndProject
Project("{2150E333-8FDC-42A3-9474-1A3956D46DE8}") = "netcore3", "netcore3", "{D8F6568E-B7D3-4BFD-9DA8-4DFFB4134F76}"
EndProject
Project("{9A19103F-16F7-4668-BE54-9A1E7A4F7556}") = "HelloNetCore3.ShareInterface", "example\grains_interface\netcore3\HelloNetCore3.ShareInterface\HelloNetCore3.ShareInterface.csproj", "{B9E04DCB-CE46-4FC6-B523-7B4741D4B98A}"
EndProject
Project("{2150E333-8FDC-42A3-9474-1A3956D46DE8}") = "NetStandard2", "NetStandard2", "{9AF8A250-C5F1-4F95-945B-1195D8CA6EF2}"
EndProject
Project("{9A19103F-16F7-4668-BE54-9A1E7A4F7556}") = "HelloNetCore3.Grains", "example\grains\netcore3\HelloNetCore3.Grains\HelloNetCore3.Grains.csproj", "{60A65C18-8EA6-487B-94FD-9B554B4C2204}"
EndProject
Project("{9A19103F-16F7-4668-BE54-9A1E7A4F7556}") = "HelloNetStandard2.ShareInterface", "example\grains_interface\netstandard2\HelloNetStandard2.ShareInterface\HelloNetStandard2.ShareInterface.csproj", "{94AF3ADE-EABC-43F1-AA74-85399661F672}"
EndProject
Project("{2150E333-8FDC-42A3-9474-1A3956D46DE8}") = "NetStandard2_1", "NetStandard2_1", "{E2F90549-0F70-4A7B-BAA8-DCCAF34CA5B3}"
EndProject
Project("{9A19103F-16F7-4668-BE54-9A1E7A4F7556}") = "HelloNetStandard2.Grains", "example\grains\netstandard2\HelloNetStandard2.Grains\HelloNetStandard2.Grains.csproj", "{B887548D-B190-4B7D-BA19-7477AEC5F6E2}"
EndProject
Project("{9A19103F-16F7-4668-BE54-9A1E7A4F7556}") = "HelloNetStandard2_1.Grains", "example\grains\netstandard2_1\HelloNetStandard2_1.Grains\HelloNetStandard2_1.Grains.csproj", "{825530D2-A3B3-4708-B71D-53D1AACDF7AA}"
EndProject
Project("{9A19103F-16F7-4668-BE54-9A1E7A4F7556}") = "HelloNetStandard2_1.ShareInterface", "example\grains_interface\netstandard2_1\HelloNetStandard2_1.ShareInterface\HelloNetStandard2_1.ShareInterface.csproj", "{0A16D19D-BBE0-4557-9ACA-19867042D7FB}"
EndProject
Global
	GlobalSection(SolutionConfigurationPlatforms) = preSolution
		Debug|Any CPU = Debug|Any CPU
		Release|Any CPU = Release|Any CPU
	EndGlobalSection
	GlobalSection(ProjectConfigurationPlatforms) = postSolution
		{1AA05AD3-4CFE-4381-8F2B-6DC5A0D0C787}.Debug|Any CPU.ActiveCfg = Debug|Any CPU
		{1AA05AD3-4CFE-4381-8F2B-6DC5A0D0C787}.Debug|Any CPU.Build.0 = Debug|Any CPU
		{1AA05AD3-4CFE-4381-8F2B-6DC5A0D0C787}.Release|Any CPU.ActiveCfg = Release|Any CPU
		{1AA05AD3-4CFE-4381-8F2B-6DC5A0D0C787}.Release|Any CPU.Build.0 = Release|Any CPU
		{04E34B84-F969-41D3-A7C8-65C5D30927D9}.Debug|Any CPU.ActiveCfg = Debug|Any CPU
		{04E34B84-F969-41D3-A7C8-65C5D30927D9}.Debug|Any CPU.Build.0 = Debug|Any CPU
		{04E34B84-F969-41D3-A7C8-65C5D30927D9}.Release|Any CPU.ActiveCfg = Release|Any CPU
		{04E34B84-F969-41D3-A7C8-65C5D30927D9}.Release|Any CPU.Build.0 = Release|Any CPU
		{F667FD5D-7C19-430C-BA7B-9CE7F415DDAB}.Debug|Any CPU.ActiveCfg = Debug|Any CPU
		{F667FD5D-7C19-430C-BA7B-9CE7F415DDAB}.Debug|Any CPU.Build.0 = Debug|Any CPU
		{F667FD5D-7C19-430C-BA7B-9CE7F415DDAB}.Release|Any CPU.ActiveCfg = Release|Any CPU
		{F667FD5D-7C19-430C-BA7B-9CE7F415DDAB}.Release|Any CPU.Build.0 = Release|Any CPU
		{790AF2B4-3625-4D7F-9246-7EB0AB57CC61}.Debug|Any CPU.ActiveCfg = Debug|Any CPU
		{790AF2B4-3625-4D7F-9246-7EB0AB57CC61}.Debug|Any CPU.Build.0 = Debug|Any CPU
		{790AF2B4-3625-4D7F-9246-7EB0AB57CC61}.Release|Any CPU.ActiveCfg = Release|Any CPU
		{790AF2B4-3625-4D7F-9246-7EB0AB57CC61}.Release|Any CPU.Build.0 = Release|Any CPU
		{D2A6B597-CA02-4641-A3A0-988C4ACD35C2}.Debug|Any CPU.ActiveCfg = Debug|Any CPU
		{D2A6B597-CA02-4641-A3A0-988C4ACD35C2}.Debug|Any CPU.Build.0 = Debug|Any CPU
		{D2A6B597-CA02-4641-A3A0-988C4ACD35C2}.Release|Any CPU.ActiveCfg = Release|Any CPU
		{D2A6B597-CA02-4641-A3A0-988C4ACD35C2}.Release|Any CPU.Build.0 = Release|Any CPU
		{52F619E9-C898-402C-A368-4214FD9F0B22}.Debug|Any CPU.ActiveCfg = Debug|Any CPU
		{52F619E9-C898-402C-A368-4214FD9F0B22}.Debug|Any CPU.Build.0 = Debug|Any CPU
		{52F619E9-C898-402C-A368-4214FD9F0B22}.Release|Any CPU.ActiveCfg = Release|Any CPU
		{52F619E9-C898-402C-A368-4214FD9F0B22}.Release|Any CPU.Build.0 = Release|Any CPU
		{F6E0EC78-A8A9-42D4-9172-D8BBB5423A0C}.Debug|Any CPU.ActiveCfg = Debug|Any CPU
		{F6E0EC78-A8A9-42D4-9172-D8BBB5423A0C}.Debug|Any CPU.Build.0 = Debug|Any CPU
		{F6E0EC78-A8A9-42D4-9172-D8BBB5423A0C}.Release|Any CPU.ActiveCfg = Release|Any CPU
		{F6E0EC78-A8A9-42D4-9172-D8BBB5423A0C}.Release|Any CPU.Build.0 = Release|Any CPU
		{721906BF-2685-43AD-B8BA-929344D026E0}.Debug|Any CPU.ActiveCfg = Debug|Any CPU
		{721906BF-2685-43AD-B8BA-929344D026E0}.Debug|Any CPU.Build.0 = Debug|Any CPU
		{721906BF-2685-43AD-B8BA-929344D026E0}.Release|Any CPU.ActiveCfg = Release|Any CPU
		{721906BF-2685-43AD-B8BA-929344D026E0}.Release|Any CPU.Build.0 = Release|Any CPU
		{8C7F7B4A-4AAC-45BE-A5F2-E8920022A0AD}.Debug|Any CPU.ActiveCfg = Debug|Any CPU
		{8C7F7B4A-4AAC-45BE-A5F2-E8920022A0AD}.Debug|Any CPU.Build.0 = Debug|Any CPU
		{8C7F7B4A-4AAC-45BE-A5F2-E8920022A0AD}.Release|Any CPU.ActiveCfg = Release|Any CPU
		{8C7F7B4A-4AAC-45BE-A5F2-E8920022A0AD}.Release|Any CPU.Build.0 = Release|Any CPU
		{BFFB431F-D9E5-4575-96FD-39D7197CA333}.Debug|Any CPU.ActiveCfg = Debug|Any CPU
		{BFFB431F-D9E5-4575-96FD-39D7197CA333}.Debug|Any CPU.Build.0 = Debug|Any CPU
		{BFFB431F-D9E5-4575-96FD-39D7197CA333}.Release|Any CPU.ActiveCfg = Release|Any CPU
		{BFFB431F-D9E5-4575-96FD-39D7197CA333}.Release|Any CPU.Build.0 = Release|Any CPU
		{6EF867FB-03CA-4F9B-BB68-41636D8C1AC3}.Debug|Any CPU.ActiveCfg = Debug|Any CPU
		{6EF867FB-03CA-4F9B-BB68-41636D8C1AC3}.Debug|Any CPU.Build.0 = Debug|Any CPU
		{6EF867FB-03CA-4F9B-BB68-41636D8C1AC3}.Release|Any CPU.ActiveCfg = Release|Any CPU
		{6EF867FB-03CA-4F9B-BB68-41636D8C1AC3}.Release|Any CPU.Build.0 = Release|Any CPU
		{9BABAEF1-9AD0-46C8-AFAC-81036A46ABC4}.Debug|Any CPU.ActiveCfg = Debug|Any CPU
		{9BABAEF1-9AD0-46C8-AFAC-81036A46ABC4}.Debug|Any CPU.Build.0 = Debug|Any CPU
		{9BABAEF1-9AD0-46C8-AFAC-81036A46ABC4}.Release|Any CPU.ActiveCfg = Release|Any CPU
		{9BABAEF1-9AD0-46C8-AFAC-81036A46ABC4}.Release|Any CPU.Build.0 = Release|Any CPU
		{B9E04DCB-CE46-4FC6-B523-7B4741D4B98A}.Debug|Any CPU.ActiveCfg = Debug|Any CPU
		{B9E04DCB-CE46-4FC6-B523-7B4741D4B98A}.Debug|Any CPU.Build.0 = Debug|Any CPU
		{B9E04DCB-CE46-4FC6-B523-7B4741D4B98A}.Release|Any CPU.ActiveCfg = Release|Any CPU
		{B9E04DCB-CE46-4FC6-B523-7B4741D4B98A}.Release|Any CPU.Build.0 = Release|Any CPU
		{60A65C18-8EA6-487B-94FD-9B554B4C2204}.Debug|Any CPU.ActiveCfg = Debug|Any CPU
		{60A65C18-8EA6-487B-94FD-9B554B4C2204}.Debug|Any CPU.Build.0 = Debug|Any CPU
		{60A65C18-8EA6-487B-94FD-9B554B4C2204}.Release|Any CPU.ActiveCfg = Release|Any CPU
		{60A65C18-8EA6-487B-94FD-9B554B4C2204}.Release|Any CPU.Build.0 = Release|Any CPU
		{94AF3ADE-EABC-43F1-AA74-85399661F672}.Debug|Any CPU.ActiveCfg = Debug|Any CPU
		{94AF3ADE-EABC-43F1-AA74-85399661F672}.Debug|Any CPU.Build.0 = Debug|Any CPU
		{94AF3ADE-EABC-43F1-AA74-85399661F672}.Release|Any CPU.ActiveCfg = Release|Any CPU
		{94AF3ADE-EABC-43F1-AA74-85399661F672}.Release|Any CPU.Build.0 = Release|Any CPU
		{B887548D-B190-4B7D-BA19-7477AEC5F6E2}.Debug|Any CPU.ActiveCfg = Debug|Any CPU
		{B887548D-B190-4B7D-BA19-7477AEC5F6E2}.Debug|Any CPU.Build.0 = Debug|Any CPU
		{B887548D-B190-4B7D-BA19-7477AEC5F6E2}.Release|Any CPU.ActiveCfg = Release|Any CPU
		{B887548D-B190-4B7D-BA19-7477AEC5F6E2}.Release|Any CPU.Build.0 = Release|Any CPU
		{825530D2-A3B3-4708-B71D-53D1AACDF7AA}.Debug|Any CPU.ActiveCfg = Debug|Any CPU
		{825530D2-A3B3-4708-B71D-53D1AACDF7AA}.Debug|Any CPU.Build.0 = Debug|Any CPU
		{825530D2-A3B3-4708-B71D-53D1AACDF7AA}.Release|Any CPU.ActiveCfg = Release|Any CPU
		{825530D2-A3B3-4708-B71D-53D1AACDF7AA}.Release|Any CPU.Build.0 = Release|Any CPU
		{0A16D19D-BBE0-4557-9ACA-19867042D7FB}.Debug|Any CPU.ActiveCfg = Debug|Any CPU
		{0A16D19D-BBE0-4557-9ACA-19867042D7FB}.Debug|Any CPU.Build.0 = Debug|Any CPU
		{0A16D19D-BBE0-4557-9ACA-19867042D7FB}.Release|Any CPU.ActiveCfg = Release|Any CPU
		{0A16D19D-BBE0-4557-9ACA-19867042D7FB}.Release|Any CPU.Build.0 = Release|Any CPU
	EndGlobalSection
	GlobalSection(SolutionProperties) = preSolution
		HideSolutionNode = FALSE
	EndGlobalSection
	GlobalSection(NestedProjects) = preSolution
		{04E34B84-F969-41D3-A7C8-65C5D30927D9} = {DD0C8922-5C93-4397-B6E1-5D45CBBF005D}
		{F667FD5D-7C19-430C-BA7B-9CE7F415DDAB} = {DD0C8922-5C93-4397-B6E1-5D45CBBF005D}
		{DD0C8922-5C93-4397-B6E1-5D45CBBF005D} = {E7280482-A872-4B2F-B672-F16D35C78AB8}
		{4ABC547E-4561-460A-8DCF-0370A53BA0AE} = {E7280482-A872-4B2F-B672-F16D35C78AB8}
		{790AF2B4-3625-4D7F-9246-7EB0AB57CC61} = {4ABC547E-4561-460A-8DCF-0370A53BA0AE}
		{D2A6B597-CA02-4641-A3A0-988C4ACD35C2} = {4ABC547E-4561-460A-8DCF-0370A53BA0AE}
		{0BE6A62C-21F1-4BFB-BB44-199DCD630293} = {E7280482-A872-4B2F-B672-F16D35C78AB8}
		{52F619E9-C898-402C-A368-4214FD9F0B22} = {0BE6A62C-21F1-4BFB-BB44-199DCD630293}
		{F6E0EC78-A8A9-42D4-9172-D8BBB5423A0C} = {0BE6A62C-21F1-4BFB-BB44-199DCD630293}
		{F8E39614-BA31-40AF-8880-4113A4505C1D} = {E7280482-A872-4B2F-B672-F16D35C78AB8}
		{721906BF-2685-43AD-B8BA-929344D026E0} = {F8E39614-BA31-40AF-8880-4113A4505C1D}
		{8C7F7B4A-4AAC-45BE-A5F2-E8920022A0AD} = {F8E39614-BA31-40AF-8880-4113A4505C1D}
		{CC2F4F0A-A493-4BE6-8F4B-AB4EEC5CCE41} = {E7280482-A872-4B2F-B672-F16D35C78AB8}
		{8A68445A-BDB9-45C2-A3A0-14D51DC3CD2F} = {E7280482-A872-4B2F-B672-F16D35C78AB8}
		{97459E27-7717-4376-AF63-8501267A3137} = {E7280482-A872-4B2F-B672-F16D35C78AB8}
		{BFFB431F-D9E5-4575-96FD-39D7197CA333} = {97459E27-7717-4376-AF63-8501267A3137}
		{6EF867FB-03CA-4F9B-BB68-41636D8C1AC3} = {97459E27-7717-4376-AF63-8501267A3137}
		{7639F9B6-0A1C-4DF4-B68E-F99CC74DEB96} = {8A68445A-BDB9-45C2-A3A0-14D51DC3CD2F}
		{3BABE5DC-45D0-4A2C-95C1-B028B36433D0} = {8A68445A-BDB9-45C2-A3A0-14D51DC3CD2F}
		{9BABAEF1-9AD0-46C8-AFAC-81036A46ABC4} = {D0D11181-9F22-4CB6-B1B6-DFCC9501FC39}
		{D0D11181-9F22-4CB6-B1B6-DFCC9501FC39} = {8A68445A-BDB9-45C2-A3A0-14D51DC3CD2F}
		{923B4DC2-D3B8-41B4-90FF-8A76852DD045} = {CC2F4F0A-A493-4BE6-8F4B-AB4EEC5CCE41}
		{29E75CA9-A3D7-4B89-984A-B608CED7252A} = {CC2F4F0A-A493-4BE6-8F4B-AB4EEC5CCE41}
		{D8F6568E-B7D3-4BFD-9DA8-4DFFB4134F76} = {8A68445A-BDB9-45C2-A3A0-14D51DC3CD2F}
		{B9E04DCB-CE46-4FC6-B523-7B4741D4B98A} = {D8F6568E-B7D3-4BFD-9DA8-4DFFB4134F76}
		{9AF8A250-C5F1-4F95-945B-1195D8CA6EF2} = {CC2F4F0A-A493-4BE6-8F4B-AB4EEC5CCE41}
		{60A65C18-8EA6-487B-94FD-9B554B4C2204} = {923B4DC2-D3B8-41B4-90FF-8A76852DD045}
		{94AF3ADE-EABC-43F1-AA74-85399661F672} = {7639F9B6-0A1C-4DF4-B68E-F99CC74DEB96}
		{E2F90549-0F70-4A7B-BAA8-DCCAF34CA5B3} = {CC2F4F0A-A493-4BE6-8F4B-AB4EEC5CCE41}
		{B887548D-B190-4B7D-BA19-7477AEC5F6E2} = {9AF8A250-C5F1-4F95-945B-1195D8CA6EF2}
		{825530D2-A3B3-4708-B71D-53D1AACDF7AA} = {E2F90549-0F70-4A7B-BAA8-DCCAF34CA5B3}
		{0A16D19D-BBE0-4557-9ACA-19867042D7FB} = {3BABE5DC-45D0-4A2C-95C1-B028B36433D0}
	EndGlobalSection
	GlobalSection(ExtensibilityGlobals) = postSolution
		SolutionGuid = {B5DA4A91-53DE-4C05-AFD5-FF204D19313B}
	EndGlobalSection
EndGlobal
